// !$*UTF8*$!
{
	archiveVersion = 1;
	classes = {
	};
	objectVersion = 46;
	objects = {

/* Begin PBXBuildFile section */
		6F77099E1D06A3C200B6FC56 /* main.m in Sources */ = {isa = PBXBuildFile; fileRef = 6F77099D1D06A3C200B6FC56 /* main.m */; };
		6F7709A11D06A3C200B6FC56 /* AppDelegate.m in Sources */ = {isa = PBXBuildFile; fileRef = 6F7709A01D06A3C200B6FC56 /* AppDelegate.m */; };
		6F7709A71D06A3C200B6FC56 /* Main.storyboard in Resources */ = {isa = PBXBuildFile; fileRef = 6F7709A51D06A3C200B6FC56 /* Main.storyboard */; };
		6F7709A91D06A3C200B6FC56 /* Assets.xcassets in Resources */ = {isa = PBXBuildFile; fileRef = 6F7709A81D06A3C200B6FC56 /* Assets.xcassets */; };
		6F7709AC1D06A3C200B6FC56 /* LaunchScreen.storyboard in Resources */ = {isa = PBXBuildFile; fileRef = 6F7709AA1D06A3C200B6FC56 /* LaunchScreen.storyboard */; };
		6F7709B71D06A3C200B6FC56 /* QQ__Tests.m in Sources */ = {isa = PBXBuildFile; fileRef = 6F7709B61D06A3C200B6FC56 /* QQ__Tests.m */; };
		6F7709C21D06A3C200B6FC56 /* QQ__UITests.m in Sources */ = {isa = PBXBuildFile; fileRef = 6F7709C11D06A3C200B6FC56 /* QQ__UITests.m */; };
		6F7709FC1D06A4E500B6FC56 /* bb@2x.jpg in Resources */ = {isa = PBXBuildFile; fileRef = 6F7709D11D06A4E400B6FC56 /* bb@2x.jpg */; };
		6F7709FD1D06A4E500B6FC56 /* bb_icon@2x.jpg in Resources */ = {isa = PBXBuildFile; fileRef = 6F7709D21D06A4E400B6FC56 /* bb_icon@2x.jpg */; };
		6F7709FE1D06A4E500B6FC56 /* dzq@2x.jpg in Resources */ = {isa = PBXBuildFile; fileRef = 6F7709D31D06A4E400B6FC56 /* dzq@2x.jpg */; };
		6F7709FF1D06A4E500B6FC56 /* dzq_icon@2x.jpg in Resources */ = {isa = PBXBuildFile; fileRef = 6F7709D41D06A4E400B6FC56 /* dzq_icon@2x.jpg */; };
		6F770A001D06A4E500B6FC56 /* eason@2x.jpg in Resources */ = {isa = PBXBuildFile; fileRef = 6F7709D51D06A4E400B6FC56 /* eason@2x.jpg */; };
		6F770A011D06A4E500B6FC56 /* eason_icon@2x.jpg in Resources */ = {isa = PBXBuildFile; fileRef = 6F7709D61D06A4E400B6FC56 /* eason_icon@2x.jpg */; };
		6F770A021D06A4E500B6FC56 /* jay@2x.jpg in Resources */ = {isa = PBXBuildFile; fileRef = 6F7709D71D06A4E400B6FC56 /* jay@2x.jpg */; };
		6F770A031D06A4E500B6FC56 /* jay_icon@2x.png in Resources */ = {isa = PBXBuildFile; fileRef = 6F7709D81D06A4E400B6FC56 /* jay_icon@2x.png */; };
		6F770A041D06A4E500B6FC56 /* jj@2x.jpg in Resources */ = {isa = PBXBuildFile; fileRef = 6F7709D91D06A4E400B6FC56 /* jj@2x.jpg */; };
		6F770A051D06A4E500B6FC56 /* jj_icon@2x.png in Resources */ = {isa = PBXBuildFile; fileRef = 6F7709DA1D06A4E400B6FC56 /* jj_icon@2x.png */; };
		6F770A061D06A4E500B6FC56 /* kzxd@2x.jpg in Resources */ = {isa = PBXBuildFile; fileRef = 6F7709DB1D06A4E400B6FC56 /* kzxd@2x.jpg */; };
		6F770A071D06A4E500B6FC56 /* kzxd_icon@2x.jpg in Resources */ = {isa = PBXBuildFile; fileRef = 6F7709DC1D06A4E400B6FC56 /* kzxd_icon@2x.jpg */; };
		6F770A081D06A4E500B6FC56 /* lkq@2x.jpg in Resources */ = {isa = PBXBuildFile; fileRef = 6F7709DD1D06A4E400B6FC56 /* lkq@2x.jpg */; };
		6F770A091D06A4E500B6FC56 /* lkq_icon@2x.jpg in Resources */ = {isa = PBXBuildFile; fileRef = 6F7709DE1D06A4E400B6FC56 /* lkq_icon@2x.jpg */; };
		6F770A0A1D06A4E500B6FC56 /* nanquan@2x.jpg in Resources */ = {isa = PBXBuildFile; fileRef = 6F7709DF1D06A4E400B6FC56 /* nanquan@2x.jpg */; };
		6F770A0B1D06A4E500B6FC56 /* nanquan_icon@2x.jpg in Resources */ = {isa = PBXBuildFile; fileRef = 6F7709E01D06A4E400B6FC56 /* nanquan_icon@2x.jpg */; };
		6F770A0C1D06A4E500B6FC56 /* wf@2x.jpg in Resources */ = {isa = PBXBuildFile; fileRef = 6F7709E11D06A4E400B6FC56 /* wf@2x.jpg */; };
		6F770A0D1D06A4E500B6FC56 /* wf_icon@2x.jpg in Resources */ = {isa = PBXBuildFile; fileRef = 6F7709E21D06A4E400B6FC56 /* wf_icon@2x.jpg */; };
		6F770A0E1D06A4E500B6FC56 /* zxy@2x.jpg in Resources */ = {isa = PBXBuildFile; fileRef = 6F7709E31D06A4E400B6FC56 /* zxy@2x.jpg */; };
		6F770A0F1D06A4E500B6FC56 /* zxy_icon@2x.jpg in Resources */ = {isa = PBXBuildFile; fileRef = 6F7709E41D06A4E400B6FC56 /* zxy_icon@2x.jpg */; };
		6F770A101D06A4E500B6FC56 /* 10405520.lrc in Resources */ = {isa = PBXBuildFile; fileRef = 6F7709E61D06A4E500B6FC56 /* 10405520.lrc */; };
		6F770A111D06A4E500B6FC56 /* 10736444.lrc in Resources */ = {isa = PBXBuildFile; fileRef = 6F7709E71D06A4E500B6FC56 /* 10736444.lrc */; };
		6F770A121D06A4E500B6FC56 /* 120125029.lrc in Resources */ = {isa = PBXBuildFile; fileRef = 6F7709E81D06A4E500B6FC56 /* 120125029.lrc */; };
		6F770A131D06A4E500B6FC56 /* 12309111.lrc in Resources */ = {isa = PBXBuildFile; fileRef = 6F7709E91D06A4E500B6FC56 /* 12309111.lrc */; };
		6F770A141D06A4E500B6FC56 /* 14945107.lrc in Resources */ = {isa = PBXBuildFile; fileRef = 6F7709EA1D06A4E500B6FC56 /* 14945107.lrc */; };
		6F770A151D06A4E500B6FC56 /* 235319.lrc in Resources */ = {isa = PBXBuildFile; fileRef = 6F7709EB1D06A4E500B6FC56 /* 235319.lrc */; };
		6F770A161D06A4E500B6FC56 /* 255319.lrc in Resources */ = {isa = PBXBuildFile; fileRef = 6F7709EC1D06A4E500B6FC56 /* 255319.lrc */; };
		6F770A171D06A4E500B6FC56 /* 309769.lrc in Resources */ = {isa = PBXBuildFile; fileRef = 6F7709ED1D06A4E500B6FC56 /* 309769.lrc */; };
		6F770A181D06A4E500B6FC56 /* 339744.lrc in Resources */ = {isa = PBXBuildFile; fileRef = 6F7709EE1D06A4E500B6FC56 /* 339744.lrc */; };
		6F770A191D06A4E500B6FC56 /* 月半小夜曲.lrc in Resources */ = {isa = PBXBuildFile; fileRef = 6F7709EF1D06A4E500B6FC56 /* 月半小夜曲.lrc */; };
		6F770A1A1D06A4E500B6FC56 /* 10405520.mp3 in Resources */ = {isa = PBXBuildFile; fileRef = 6F7709F11D06A4E500B6FC56 /* 10405520.mp3 */; };
		6F770A1B1D06A4E500B6FC56 /* 10736444.mp3 in Resources */ = {isa = PBXBuildFile; fileRef = 6F7709F21D06A4E500B6FC56 /* 10736444.mp3 */; };
		6F770A1C1D06A4E500B6FC56 /* 1201111234.mp3 in Resources */ = {isa = PBXBuildFile; fileRef = 6F7709F31D06A4E500B6FC56 /* 1201111234.mp3 */; };
		6F770A1D1D06A4E500B6FC56 /* 120125029.mp3 in Resources */ = {isa = PBXBuildFile; fileRef = 6F7709F41D06A4E500B6FC56 /* 120125029.mp3 */; };
		6F770A1E1D06A4E500B6FC56 /* 12309111.mp3 in Resources */ = {isa = PBXBuildFile; fileRef = 6F7709F51D06A4E500B6FC56 /* 12309111.mp3 */; };
		6F770A1F1D06A4E500B6FC56 /* 14945107.mp3 in Resources */ = {isa = PBXBuildFile; fileRef = 6F7709F61D06A4E500B6FC56 /* 14945107.mp3 */; };
		6F770A201D06A4E500B6FC56 /* 235319.mp3 in Resources */ = {isa = PBXBuildFile; fileRef = 6F7709F71D06A4E500B6FC56 /* 235319.mp3 */; };
		6F770A211D06A4E500B6FC56 /* 255319.mp3 in Resources */ = {isa = PBXBuildFile; fileRef = 6F7709F81D06A4E500B6FC56 /* 255319.mp3 */; };
		6F770A221D06A4E500B6FC56 /* 309769.mp3 in Resources */ = {isa = PBXBuildFile; fileRef = 6F7709F91D06A4E500B6FC56 /* 309769.mp3 */; };
		6F770A231D06A4E500B6FC56 /* 339744.mp3 in Resources */ = {isa = PBXBuildFile; fileRef = 6F7709FA1D06A4E500B6FC56 /* 339744.mp3 */; };
		6F770A241D06A4E500B6FC56 /* Musics.plist in Resources */ = {isa = PBXBuildFile; fileRef = 6F7709FB1D06A4E500B6FC56 /* Musics.plist */; };
		6F770A2C1D06AF0500B6FC56 /* JPPlayingViewController.m in Sources */ = {isa = PBXBuildFile; fileRef = 6F770A2B1D06AF0500B6FC56 /* JPPlayingViewController.m */; };
		6F770A321D06B5C800B6FC56 /* DRNRealTimeBlurView.m in Sources */ = {isa = PBXBuildFile; fileRef = 6F770A2F1D06B5C800B6FC56 /* DRNRealTimeBlurView.m */; };
		6F770A331D06B5C800B6FC56 /* UIImage+BoxBlur.m in Sources */ = {isa = PBXBuildFile; fileRef = 6F770A311D06B5C800B6FC56 /* UIImage+BoxBlur.m */; };
		6F770A351D06C8AE00B6FC56 /* Foundation+Log.m in Sources */ = {isa = PBXBuildFile; fileRef = 6F770A341D06C8AE00B6FC56 /* Foundation+Log.m */; };
		6F770A381D06C97C00B6FC56 /* JPMusicTool.m in Sources */ = {isa = PBXBuildFile; fileRef = 6F770A371D06C97C00B6FC56 /* JPMusicTool.m */; };
		6F770A3B1D06C9B200B6FC56 /* JPMusic.m in Sources */ = {isa = PBXBuildFile; fileRef = 6F770A3A1D06C9B200B6FC56 /* JPMusic.m */; };
		6F770A3E1D06D84C00B6FC56 /* JPAudioTool.m in Sources */ = {isa = PBXBuildFile; fileRef = 6F770A3D1D06D84C00B6FC56 /* JPAudioTool.m */; };
		6F8F0A391D0D063B002BF0F7 /* NSString+JPTimeExtension.m in Sources */ = {isa = PBXBuildFile; fileRef = 6F8F0A381D0D063B002BF0F7 /* NSString+JPTimeExtension.m */; };
		6F8F0A3C1D0D34E9002BF0F7 /* CALayer+PauseAimate.m in Sources */ = {isa = PBXBuildFile; fileRef = 6F8F0A3B1D0D34E9002BF0F7 /* CALayer+PauseAimate.m */; };
		6F8F0A3F1D0D4602002BF0F7 /* JPLrcsScrollView.m in Sources */ = {isa = PBXBuildFile; fileRef = 6F8F0A3E1D0D4602002BF0F7 /* JPLrcsScrollView.m */; };
		6F8F0A421D0D562E002BF0F7 /* JPLrcsCell.m in Sources */ = {isa = PBXBuildFile; fileRef = 6F8F0A411D0D562E002BF0F7 /* JPLrcsCell.m */; };
		6FC9B39F1D0D5F0A00418795 /* JPLrcsTool.m in Sources */ = {isa = PBXBuildFile; fileRef = 6FC9B39E1D0D5F0A00418795 /* JPLrcsTool.m */; };
		6FC9B3A21D0D62DC00418795 /* JPLrcLine.m in Sources */ = {isa = PBXBuildFile; fileRef = 6FC9B3A11D0D62DC00418795 /* JPLrcLine.m */; };
		9CB93C70224361F509B07C22 /* libPods.a in Frameworks */ = {isa = PBXBuildFile; fileRef = 2BEDCB4D584C96484FA7625C /* libPods.a */; };
/* End PBXBuildFile section */

/* Begin PBXContainerItemProxy section */
		6F7709B31D06A3C200B6FC56 /* PBXContainerItemProxy */ = {
			isa = PBXContainerItemProxy;
			containerPortal = 6F7709911D06A3C200B6FC56 /* Project object */;
			proxyType = 1;
			remoteGlobalIDString = 6F7709981D06A3C200B6FC56;
			remoteInfo = "QQ音乐";
		};
		6F7709BE1D06A3C200B6FC56 /* PBXContainerItemProxy */ = {
			isa = PBXContainerItemProxy;
			containerPortal = 6F7709911D06A3C200B6FC56 /* Project object */;
			proxyType = 1;
			remoteGlobalIDString = 6F7709981D06A3C200B6FC56;
			remoteInfo = "QQ音乐";
		};
/* End PBXContainerItemProxy section */

/* Begin PBXFileReference section */
		2BEDCB4D584C96484FA7625C /* libPods.a */ = {isa = PBXFileReference; explicitFileType = archive.ar; includeInIndex = 0; path = libPods.a; sourceTree = BUILT_PRODUCTS_DIR; };
		6F7709991D06A3C200B6FC56 /* QQ音乐.app */ = {isa = PBXFileReference; explicitFileType = wrapper.application; includeInIndex = 0; path = "QQ音乐.app"; sourceTree = BUILT_PRODUCTS_DIR; };
		6F77099D1D06A3C200B6FC56 /* main.m */ = {isa = PBXFileReference; lastKnownFileType = sourcecode.c.objc; path = main.m; sourceTree = "<group>"; };
		6F77099F1D06A3C200B6FC56 /* AppDelegate.h */ = {isa = PBXFileReference; lastKnownFileType = sourcecode.c.h; path = AppDelegate.h; sourceTree = "<group>"; };
		6F7709A01D06A3C200B6FC56 /* AppDelegate.m */ = {isa = PBXFileReference; lastKnownFileType = sourcecode.c.objc; path = AppDelegate.m; sourceTree = "<group>"; };
		6F7709A61D06A3C200B6FC56 /* Base */ = {isa = PBXFileReference; lastKnownFileType = file.storyboard; name = Base; path = Base.lproj/Main.storyboard; sourceTree = "<group>"; };
		6F7709A81D06A3C200B6FC56 /* Assets.xcassets */ = {isa = PBXFileReference; lastKnownFileType = folder.assetcatalog; path = Assets.xcassets; sourceTree = "<group>"; };
		6F7709AB1D06A3C200B6FC56 /* Base */ = {isa = PBXFileReference; lastKnownFileType = file.storyboard; name = Base; path = Base.lproj/LaunchScreen.storyboard; sourceTree = "<group>"; };
		6F7709AD1D06A3C200B6FC56 /* Info.plist */ = {isa = PBXFileReference; lastKnownFileType = text.plist.xml; path = Info.plist; sourceTree = "<group>"; };
		6F7709B21D06A3C200B6FC56 /* QQ音乐Tests.xctest */ = {isa = PBXFileReference; explicitFileType = wrapper.cfbundle; includeInIndex = 0; path = "QQ音乐Tests.xctest"; sourceTree = BUILT_PRODUCTS_DIR; };
		6F7709B61D06A3C200B6FC56 /* QQ__Tests.m */ = {isa = PBXFileReference; lastKnownFileType = sourcecode.c.objc; path = QQ__Tests.m; sourceTree = "<group>"; };
		6F7709B81D06A3C200B6FC56 /* Info.plist */ = {isa = PBXFileReference; lastKnownFileType = text.plist.xml; path = Info.plist; sourceTree = "<group>"; };
		6F7709BD1D06A3C200B6FC56 /* QQ音乐UITests.xctest */ = {isa = PBXFileReference; explicitFileType = wrapper.cfbundle; includeInIndex = 0; path = "QQ音乐UITests.xctest"; sourceTree = BUILT_PRODUCTS_DIR; };
		6F7709C11D06A3C200B6FC56 /* QQ__UITests.m */ = {isa = PBXFileReference; lastKnownFileType = sourcecode.c.objc; path = QQ__UITests.m; sourceTree = "<group>"; };
		6F7709C31D06A3C200B6FC56 /* Info.plist */ = {isa = PBXFileReference; lastKnownFileType = text.plist.xml; path = Info.plist; sourceTree = "<group>"; };
		6F7709D11D06A4E400B6FC56 /* bb@2x.jpg */ = {isa = PBXFileReference; lastKnownFileType = image.jpeg; path = "bb@2x.jpg"; sourceTree = "<group>"; };
		6F7709D21D06A4E400B6FC56 /* bb_icon@2x.jpg */ = {isa = PBXFileReference; lastKnownFileType = image.jpeg; path = "bb_icon@2x.jpg"; sourceTree = "<group>"; };
		6F7709D31D06A4E400B6FC56 /* dzq@2x.jpg */ = {isa = PBXFileReference; lastKnownFileType = image.jpeg; path = "dzq@2x.jpg"; sourceTree = "<group>"; };
		6F7709D41D06A4E400B6FC56 /* dzq_icon@2x.jpg */ = {isa = PBXFileReference; lastKnownFileType = image.jpeg; path = "dzq_icon@2x.jpg"; sourceTree = "<group>"; };
		6F7709D51D06A4E400B6FC56 /* eason@2x.jpg */ = {isa = PBXFileReference; lastKnownFileType = image.jpeg; path = "eason@2x.jpg"; sourceTree = "<group>"; };
		6F7709D61D06A4E400B6FC56 /* eason_icon@2x.jpg */ = {isa = PBXFileReference; lastKnownFileType = image.jpeg; path = "eason_icon@2x.jpg"; sourceTree = "<group>"; };
		6F7709D71D06A4E400B6FC56 /* jay@2x.jpg */ = {isa = PBXFileReference; lastKnownFileType = image.jpeg; path = "jay@2x.jpg"; sourceTree = "<group>"; };
		6F7709D81D06A4E400B6FC56 /* jay_icon@2x.png */ = {isa = PBXFileReference; lastKnownFileType = image.png; path = "jay_icon@2x.png"; sourceTree = "<group>"; };
		6F7709D91D06A4E400B6FC56 /* jj@2x.jpg */ = {isa = PBXFileReference; lastKnownFileType = image.jpeg; path = "jj@2x.jpg"; sourceTree = "<group>"; };
		6F7709DA1D06A4E400B6FC56 /* jj_icon@2x.png */ = {isa = PBXFileReference; lastKnownFileType = image.png; path = "jj_icon@2x.png"; sourceTree = "<group>"; };
		6F7709DB1D06A4E400B6FC56 /* kzxd@2x.jpg */ = {isa = PBXFileReference; lastKnownFileType = image.jpeg; path = "kzxd@2x.jpg"; sourceTree = "<group>"; };
		6F7709DC1D06A4E400B6FC56 /* kzxd_icon@2x.jpg */ = {isa = PBXFileReference; lastKnownFileType = image.jpeg; path = "kzxd_icon@2x.jpg"; sourceTree = "<group>"; };
		6F7709DD1D06A4E400B6FC56 /* lkq@2x.jpg */ = {isa = PBXFileReference; lastKnownFileType = image.jpeg; path = "lkq@2x.jpg"; sourceTree = "<group>"; };
		6F7709DE1D06A4E400B6FC56 /* lkq_icon@2x.jpg */ = {isa = PBXFileReference; lastKnownFileType = image.jpeg; path = "lkq_icon@2x.jpg"; sourceTree = "<group>"; };
		6F7709DF1D06A4E400B6FC56 /* nanquan@2x.jpg */ = {isa = PBXFileReference; lastKnownFileType = image.jpeg; path = "nanquan@2x.jpg"; sourceTree = "<group>"; };
		6F7709E01D06A4E400B6FC56 /* nanquan_icon@2x.jpg */ = {isa = PBXFileReference; lastKnownFileType = image.jpeg; path = "nanquan_icon@2x.jpg"; sourceTree = "<group>"; };
		6F7709E11D06A4E400B6FC56 /* wf@2x.jpg */ = {isa = PBXFileReference; lastKnownFileType = image.jpeg; path = "wf@2x.jpg"; sourceTree = "<group>"; };
		6F7709E21D06A4E400B6FC56 /* wf_icon@2x.jpg */ = {isa = PBXFileReference; lastKnownFileType = image.jpeg; path = "wf_icon@2x.jpg"; sourceTree = "<group>"; };
		6F7709E31D06A4E400B6FC56 /* zxy@2x.jpg */ = {isa = PBXFileReference; lastKnownFileType = image.jpeg; path = "zxy@2x.jpg"; sourceTree = "<group>"; };
		6F7709E41D06A4E400B6FC56 /* zxy_icon@2x.jpg */ = {isa = PBXFileReference; lastKnownFileType = image.jpeg; path = "zxy_icon@2x.jpg"; sourceTree = "<group>"; };
		6F7709E61D06A4E500B6FC56 /* 10405520.lrc */ = {isa = PBXFileReference; fileEncoding = 4; lastKnownFileType = text; path = 10405520.lrc; sourceTree = "<group>"; };
		6F7709E71D06A4E500B6FC56 /* 10736444.lrc */ = {isa = PBXFileReference; fileEncoding = 4; lastKnownFileType = text; path = 10736444.lrc; sourceTree = "<group>"; };
		6F7709E81D06A4E500B6FC56 /* 120125029.lrc */ = {isa = PBXFileReference; fileEncoding = 4; lastKnownFileType = text; path = 120125029.lrc; sourceTree = "<group>"; };
		6F7709E91D06A4E500B6FC56 /* 12309111.lrc */ = {isa = PBXFileReference; fileEncoding = 4; lastKnownFileType = text; path = 12309111.lrc; sourceTree = "<group>"; };
		6F7709EA1D06A4E500B6FC56 /* 14945107.lrc */ = {isa = PBXFileReference; fileEncoding = 4; lastKnownFileType = text; path = 14945107.lrc; sourceTree = "<group>"; };
		6F7709EB1D06A4E500B6FC56 /* 235319.lrc */ = {isa = PBXFileReference; fileEncoding = 4; lastKnownFileType = text; path = 235319.lrc; sourceTree = "<group>"; };
		6F7709EC1D06A4E500B6FC56 /* 255319.lrc */ = {isa = PBXFileReference; fileEncoding = 4; lastKnownFileType = text; path = 255319.lrc; sourceTree = "<group>"; };
		6F7709ED1D06A4E500B6FC56 /* 309769.lrc */ = {isa = PBXFileReference; fileEncoding = 4; lastKnownFileType = text; path = 309769.lrc; sourceTree = "<group>"; };
		6F7709EE1D06A4E500B6FC56 /* 339744.lrc */ = {isa = PBXFileReference; fileEncoding = 4; lastKnownFileType = text; path = 339744.lrc; sourceTree = "<group>"; };
		6F7709EF1D06A4E500B6FC56 /* 月半小夜曲.lrc */ = {isa = PBXFileReference; fileEncoding = 4; lastKnownFileType = text; path = "月半小夜曲.lrc"; sourceTree = "<group>"; };
		6F7709F11D06A4E500B6FC56 /* 10405520.mp3 */ = {isa = PBXFileReference; lastKnownFileType = audio.mp3; path = 10405520.mp3; sourceTree = "<group>"; };
		6F7709F21D06A4E500B6FC56 /* 10736444.mp3 */ = {isa = PBXFileReference; lastKnownFileType = audio.mp3; path = 10736444.mp3; sourceTree = "<group>"; };
		6F7709F31D06A4E500B6FC56 /* 1201111234.mp3 */ = {isa = PBXFileReference; lastKnownFileType = audio.mp3; path = 1201111234.mp3; sourceTree = "<group>"; };
		6F7709F41D06A4E500B6FC56 /* 120125029.mp3 */ = {isa = PBXFileReference; lastKnownFileType = audio.mp3; path = 120125029.mp3; sourceTree = "<group>"; };
		6F7709F51D06A4E500B6FC56 /* 12309111.mp3 */ = {isa = PBXFileReference; lastKnownFileType = audio.mp3; path = 12309111.mp3; sourceTree = "<group>"; };
		6F7709F61D06A4E500B6FC56 /* 14945107.mp3 */ = {isa = PBXFileReference; lastKnownFileType = audio.mp3; path = 14945107.mp3; sourceTree = "<group>"; };
		6F7709F71D06A4E500B6FC56 /* 235319.mp3 */ = {isa = PBXFileReference; lastKnownFileType = audio.mp3; path = 235319.mp3; sourceTree = "<group>"; };
		6F7709F81D06A4E500B6FC56 /* 255319.mp3 */ = {isa = PBXFileReference; lastKnownFileType = audio.mp3; path = 255319.mp3; sourceTree = "<group>"; };
		6F7709F91D06A4E500B6FC56 /* 309769.mp3 */ = {isa = PBXFileReference; lastKnownFileType = audio.mp3; path = 309769.mp3; sourceTree = "<group>"; };
		6F7709FA1D06A4E500B6FC56 /* 339744.mp3 */ = {isa = PBXFileReference; lastKnownFileType = audio.mp3; path = 339744.mp3; sourceTree = "<group>"; };
		6F7709FB1D06A4E500B6FC56 /* Musics.plist */ = {isa = PBXFileReference; fileEncoding = 4; lastKnownFileType = text.plist.xml; path = Musics.plist; sourceTree = "<group>"; };
		6F770A2A1D06AF0500B6FC56 /* JPPlayingViewController.h */ = {isa = PBXFileReference; fileEncoding = 4; lastKnownFileType = sourcecode.c.h; path = JPPlayingViewController.h; sourceTree = "<group>"; };
		6F770A2B1D06AF0500B6FC56 /* JPPlayingViewController.m */ = {isa = PBXFileReference; fileEncoding = 4; lastKnownFileType = sourcecode.c.objc; path = JPPlayingViewController.m; sourceTree = "<group>"; };
		6F770A2E1D06B5C800B6FC56 /* DRNRealTimeBlurView.h */ = {isa = PBXFileReference; fileEncoding = 4; lastKnownFileType = sourcecode.c.h; path = DRNRealTimeBlurView.h; sourceTree = "<group>"; };
		6F770A2F1D06B5C800B6FC56 /* DRNRealTimeBlurView.m */ = {isa = PBXFileReference; fileEncoding = 4; lastKnownFileType = sourcecode.c.objc; path = DRNRealTimeBlurView.m; sourceTree = "<group>"; };
		6F770A301D06B5C800B6FC56 /* UIImage+BoxBlur.h */ = {isa = PBXFileReference; fileEncoding = 4; lastKnownFileType = sourcecode.c.h; path = "UIImage+BoxBlur.h"; sourceTree = "<group>"; };
		6F770A311D06B5C800B6FC56 /* UIImage+BoxBlur.m */ = {isa = PBXFileReference; fileEncoding = 4; lastKnownFileType = sourcecode.c.objc; path = "UIImage+BoxBlur.m"; sourceTree = "<group>"; };
		6F770A341D06C8AE00B6FC56 /* Foundation+Log.m */ = {isa = PBXFileReference; fileEncoding = 4; lastKnownFileType = sourcecode.c.objc; path = "Foundation+Log.m"; sourceTree = "<group>"; };
		6F770A361D06C97C00B6FC56 /* JPMusicTool.h */ = {isa = PBXFileReference; fileEncoding = 4; lastKnownFileType = sourcecode.c.h; path = JPMusicTool.h; sourceTree = "<group>"; };
		6F770A371D06C97C00B6FC56 /* JPMusicTool.m */ = {isa = PBXFileReference; fileEncoding = 4; lastKnownFileType = sourcecode.c.objc; path = JPMusicTool.m; sourceTree = "<group>"; };
		6F770A391D06C9B200B6FC56 /* JPMusic.h */ = {isa = PBXFileReference; fileEncoding = 4; lastKnownFileType = sourcecode.c.h; path = JPMusic.h; sourceTree = "<group>"; };
		6F770A3A1D06C9B200B6FC56 /* JPMusic.m */ = {isa = PBXFileReference; fileEncoding = 4; lastKnownFileType = sourcecode.c.objc; path = JPMusic.m; sourceTree = "<group>"; };
		6F770A3C1D06D84C00B6FC56 /* JPAudioTool.h */ = {isa = PBXFileReference; fileEncoding = 4; lastKnownFileType = sourcecode.c.h; path = JPAudioTool.h; sourceTree = "<group>"; };
		6F770A3D1D06D84C00B6FC56 /* JPAudioTool.m */ = {isa = PBXFileReference; fileEncoding = 4; lastKnownFileType = sourcecode.c.objc; path = JPAudioTool.m; sourceTree = "<group>"; };
		6F8F0A371D0D063B002BF0F7 /* NSString+JPTimeExtension.h */ = {isa = PBXFileReference; fileEncoding = 4; lastKnownFileType = sourcecode.c.h; path = "NSString+JPTimeExtension.h"; sourceTree = "<group>"; };
		6F8F0A381D0D063B002BF0F7 /* NSString+JPTimeExtension.m */ = {isa = PBXFileReference; fileEncoding = 4; lastKnownFileType = sourcecode.c.objc; path = "NSString+JPTimeExtension.m"; sourceTree = "<group>"; };
		6F8F0A3A1D0D34E9002BF0F7 /* CALayer+PauseAimate.h */ = {isa = PBXFileReference; fileEncoding = 4; lastKnownFileType = sourcecode.c.h; path = "CALayer+PauseAimate.h"; sourceTree = "<group>"; };
		6F8F0A3B1D0D34E9002BF0F7 /* CALayer+PauseAimate.m */ = {isa = PBXFileReference; fileEncoding = 4; lastKnownFileType = sourcecode.c.objc; path = "CALayer+PauseAimate.m"; sourceTree = "<group>"; };
		6F8F0A3D1D0D4602002BF0F7 /* JPLrcsScrollView.h */ = {isa = PBXFileReference; fileEncoding = 4; lastKnownFileType = sourcecode.c.h; path = JPLrcsScrollView.h; sourceTree = "<group>"; };
		6F8F0A3E1D0D4602002BF0F7 /* JPLrcsScrollView.m */ = {isa = PBXFileReference; fileEncoding = 4; lastKnownFileType = sourcecode.c.objc; path = JPLrcsScrollView.m; sourceTree = "<group>"; };
		6F8F0A401D0D562E002BF0F7 /* JPLrcsCell.h */ = {isa = PBXFileReference; fileEncoding = 4; lastKnownFileType = sourcecode.c.h; path = JPLrcsCell.h; sourceTree = "<group>"; };
		6F8F0A411D0D562E002BF0F7 /* JPLrcsCell.m */ = {isa = PBXFileReference; fileEncoding = 4; lastKnownFileType = sourcecode.c.objc; path = JPLrcsCell.m; sourceTree = "<group>"; };
		6FC9B39D1D0D5F0A00418795 /* JPLrcsTool.h */ = {isa = PBXFileReference; fileEncoding = 4; lastKnownFileType = sourcecode.c.h; path = JPLrcsTool.h; sourceTree = "<group>"; };
		6FC9B39E1D0D5F0A00418795 /* JPLrcsTool.m */ = {isa = PBXFileReference; fileEncoding = 4; lastKnownFileType = sourcecode.c.objc; path = JPLrcsTool.m; sourceTree = "<group>"; };
		6FC9B3A01D0D62DC00418795 /* JPLrcLine.h */ = {isa = PBXFileReference; fileEncoding = 4; lastKnownFileType = sourcecode.c.h; path = JPLrcLine.h; sourceTree = "<group>"; };
		6FC9B3A11D0D62DC00418795 /* JPLrcLine.m */ = {isa = PBXFileReference; fileEncoding = 4; lastKnownFileType = sourcecode.c.objc; path = JPLrcLine.m; sourceTree = "<group>"; };
		B1A6322668C538F349D3C3D2 /* Pods.release.xcconfig */ = {isa = PBXFileReference; includeInIndex = 1; lastKnownFileType = text.xcconfig; name = Pods.release.xcconfig; path = "Pods/Target Support Files/Pods/Pods.release.xcconfig"; sourceTree = "<group>"; };
		C7AFC9EFBFE8D25FC7ED1EAD /* Pods.debug.xcconfig */ = {isa = PBXFileReference; includeInIndex = 1; lastKnownFileType = text.xcconfig; name = Pods.debug.xcconfig; path = "Pods/Target Support Files/Pods/Pods.debug.xcconfig"; sourceTree = "<group>"; };
/* End PBXFileReference section */

/* Begin PBXFrameworksBuildPhase section */
		6F7709961D06A3C200B6FC56 /* Frameworks */ = {
			isa = PBXFrameworksBuildPhase;
			buildActionMask = 2147483647;
			files = (
				9CB93C70224361F509B07C22 /* libPods.a in Frameworks */,
			);
			runOnlyForDeploymentPostprocessing = 0;
		};
		6F7709AF1D06A3C200B6FC56 /* Frameworks */ = {
			isa = PBXFrameworksBuildPhase;
			buildActionMask = 2147483647;
			files = (
			);
			runOnlyForDeploymentPostprocessing = 0;
		};
		6F7709BA1D06A3C200B6FC56 /* Frameworks */ = {
			isa = PBXFrameworksBuildPhase;
			buildActionMask = 2147483647;
			files = (
			);
			runOnlyForDeploymentPostprocessing = 0;
		};
/* End PBXFrameworksBuildPhase section */

/* Begin PBXGroup section */
		6F7709901D06A3C200B6FC56 = {
			isa = PBXGroup;
			children = (
				6F77099B1D06A3C200B6FC56 /* QQ音乐 */,
				6F7709B51D06A3C200B6FC56 /* QQ音乐Tests */,
				6F7709C01D06A3C200B6FC56 /* QQ音乐UITests */,
				6F77099A1D06A3C200B6FC56 /* Products */,
				90C5D7DD94D421CE800B60DA /* Pods */,
				8016B5BBB0813C66F75192F9 /* Frameworks */,
			);
			sourceTree = "<group>";
		};
		6F77099A1D06A3C200B6FC56 /* Products */ = {
			isa = PBXGroup;
			children = (
				6F7709991D06A3C200B6FC56 /* QQ音乐.app */,
				6F7709B21D06A3C200B6FC56 /* QQ音乐Tests.xctest */,
				6F7709BD1D06A3C200B6FC56 /* QQ音乐UITests.xctest */,
			);
			name = Products;
			sourceTree = "<group>";
		};
		6F77099B1D06A3C200B6FC56 /* QQ音乐 */ = {
			isa = PBXGroup;
			children = (
				6F77099F1D06A3C200B6FC56 /* AppDelegate.h */,
				6F7709A01D06A3C200B6FC56 /* AppDelegate.m */,
				6F770A271D06AE3200B6FC56 /* Controller */,
				6F770A261D06AE2F00B6FC56 /* View */,
				6F770A251D06AE2D00B6FC56 /* Model */,
				6F770A291D06AE4100B6FC56 /* Tool */,
				6F8F0A361D0D060D002BF0F7 /* Category */,
				6F770A281D06AE3F00B6FC56 /* Other */,
				6F7709A51D06A3C200B6FC56 /* Main.storyboard */,
				6F77099C1D06A3C200B6FC56 /* Supporting Files */,
			);
			path = "QQ音乐";
			sourceTree = "<group>";
		};
		6F77099C1D06A3C200B6FC56 /* Supporting Files */ = {
			isa = PBXGroup;
			children = (
				6F7709CF1D06A4E400B6FC56 /* Resources */,
				6F7709AA1D06A3C200B6FC56 /* LaunchScreen.storyboard */,
				6F7709A81D06A3C200B6FC56 /* Assets.xcassets */,
				6F7709AD1D06A3C200B6FC56 /* Info.plist */,
				6F77099D1D06A3C200B6FC56 /* main.m */,
			);
			name = "Supporting Files";
			sourceTree = "<group>";
		};
		6F7709B51D06A3C200B6FC56 /* QQ音乐Tests */ = {
			isa = PBXGroup;
			children = (
				6F7709B61D06A3C200B6FC56 /* QQ__Tests.m */,
				6F7709B81D06A3C200B6FC56 /* Info.plist */,
			);
			path = "QQ音乐Tests";
			sourceTree = "<group>";
		};
		6F7709C01D06A3C200B6FC56 /* QQ音乐UITests */ = {
			isa = PBXGroup;
			children = (
				6F7709C11D06A3C200B6FC56 /* QQ__UITests.m */,
				6F7709C31D06A3C200B6FC56 /* Info.plist */,
			);
			path = "QQ音乐UITests";
			sourceTree = "<group>";
		};
		6F7709CF1D06A4E400B6FC56 /* Resources */ = {
			isa = PBXGroup;
			children = (
				6F7709D01D06A4E400B6FC56 /* Images */,
				6F7709E51D06A4E400B6FC56 /* Lrcs */,
				6F7709F01D06A4E500B6FC56 /* MP3s */,
				6F7709FB1D06A4E500B6FC56 /* Musics.plist */,
			);
			path = Resources;
			sourceTree = "<group>";
		};
		6F7709D01D06A4E400B6FC56 /* Images */ = {
			isa = PBXGroup;
			children = (
				6F7709D11D06A4E400B6FC56 /* bb@2x.jpg */,
				6F7709D21D06A4E400B6FC56 /* bb_icon@2x.jpg */,
				6F7709D31D06A4E400B6FC56 /* dzq@2x.jpg */,
				6F7709D41D06A4E400B6FC56 /* dzq_icon@2x.jpg */,
				6F7709D51D06A4E400B6FC56 /* eason@2x.jpg */,
				6F7709D61D06A4E400B6FC56 /* eason_icon@2x.jpg */,
				6F7709D71D06A4E400B6FC56 /* jay@2x.jpg */,
				6F7709D81D06A4E400B6FC56 /* jay_icon@2x.png */,
				6F7709D91D06A4E400B6FC56 /* jj@2x.jpg */,
				6F7709DA1D06A4E400B6FC56 /* jj_icon@2x.png */,
				6F7709DB1D06A4E400B6FC56 /* kzxd@2x.jpg */,
				6F7709DC1D06A4E400B6FC56 /* kzxd_icon@2x.jpg */,
				6F7709DD1D06A4E400B6FC56 /* lkq@2x.jpg */,
				6F7709DE1D06A4E400B6FC56 /* lkq_icon@2x.jpg */,
				6F7709DF1D06A4E400B6FC56 /* nanquan@2x.jpg */,
				6F7709E01D06A4E400B6FC56 /* nanquan_icon@2x.jpg */,
				6F7709E11D06A4E400B6FC56 /* wf@2x.jpg */,
				6F7709E21D06A4E400B6FC56 /* wf_icon@2x.jpg */,
				6F7709E31D06A4E400B6FC56 /* zxy@2x.jpg */,
				6F7709E41D06A4E400B6FC56 /* zxy_icon@2x.jpg */,
			);
			path = Images;
			sourceTree = "<group>";
		};
		6F7709E51D06A4E400B6FC56 /* Lrcs */ = {
			isa = PBXGroup;
			children = (
				6F7709E61D06A4E500B6FC56 /* 10405520.lrc */,
				6F7709E71D06A4E500B6FC56 /* 10736444.lrc */,
				6F7709E81D06A4E500B6FC56 /* 120125029.lrc */,
				6F7709E91D06A4E500B6FC56 /* 12309111.lrc */,
				6F7709EA1D06A4E500B6FC56 /* 14945107.lrc */,
				6F7709EB1D06A4E500B6FC56 /* 235319.lrc */,
				6F7709EC1D06A4E500B6FC56 /* 255319.lrc */,
				6F7709ED1D06A4E500B6FC56 /* 309769.lrc */,
				6F7709EE1D06A4E500B6FC56 /* 339744.lrc */,
				6F7709EF1D06A4E500B6FC56 /* 月半小夜曲.lrc */,
			);
			path = Lrcs;
			sourceTree = "<group>";
		};
		6F7709F01D06A4E500B6FC56 /* MP3s */ = {
			isa = PBXGroup;
			children = (
				6F7709F11D06A4E500B6FC56 /* 10405520.mp3 */,
				6F7709F21D06A4E500B6FC56 /* 10736444.mp3 */,
				6F7709F31D06A4E500B6FC56 /* 1201111234.mp3 */,
				6F7709F41D06A4E500B6FC56 /* 120125029.mp3 */,
				6F7709F51D06A4E500B6FC56 /* 12309111.mp3 */,
				6F7709F61D06A4E500B6FC56 /* 14945107.mp3 */,
				6F7709F71D06A4E500B6FC56 /* 235319.mp3 */,
				6F7709F81D06A4E500B6FC56 /* 255319.mp3 */,
				6F7709F91D06A4E500B6FC56 /* 309769.mp3 */,
				6F7709FA1D06A4E500B6FC56 /* 339744.mp3 */,
			);
			path = MP3s;
			sourceTree = "<group>";
		};
		6F770A251D06AE2D00B6FC56 /* Model */ = {
			isa = PBXGroup;
			children = (
				6F770A391D06C9B200B6FC56 /* JPMusic.h */,
				6F770A3A1D06C9B200B6FC56 /* JPMusic.m */,
				6FC9B3A01D0D62DC00418795 /* JPLrcLine.h */,
				6FC9B3A11D0D62DC00418795 /* JPLrcLine.m */,
			);
			path = Model;
			sourceTree = "<group>";
		};
		6F770A261D06AE2F00B6FC56 /* View */ = {
			isa = PBXGroup;
			children = (
				6F8F0A3D1D0D4602002BF0F7 /* JPLrcsScrollView.h */,
				6F8F0A3E1D0D4602002BF0F7 /* JPLrcsScrollView.m */,
				6F8F0A401D0D562E002BF0F7 /* JPLrcsCell.h */,
				6F8F0A411D0D562E002BF0F7 /* JPLrcsCell.m */,
			);
			path = View;
			sourceTree = "<group>";
		};
		6F770A271D06AE3200B6FC56 /* Controller */ = {
			isa = PBXGroup;
			children = (
				6F770A2A1D06AF0500B6FC56 /* JPPlayingViewController.h */,
				6F770A2B1D06AF0500B6FC56 /* JPPlayingViewController.m */,
			);
			path = Controller;
			sourceTree = "<group>";
		};
		6F770A281D06AE3F00B6FC56 /* Other */ = {
			isa = PBXGroup;
			children = (
				6F770A341D06C8AE00B6FC56 /* Foundation+Log.m */,
				6F770A2D1D06B5C800B6FC56 /* DRNRealTimeBlur */,
			);
			path = Other;
			sourceTree = "<group>";
		};
		6F770A291D06AE4100B6FC56 /* Tool */ = {
			isa = PBXGroup;
			children = (
				6F770A361D06C97C00B6FC56 /* JPMusicTool.h */,
				6F770A371D06C97C00B6FC56 /* JPMusicTool.m */,
				6F770A3C1D06D84C00B6FC56 /* JPAudioTool.h */,
				6F770A3D1D06D84C00B6FC56 /* JPAudioTool.m */,
				6FC9B39D1D0D5F0A00418795 /* JPLrcsTool.h */,
				6FC9B39E1D0D5F0A00418795 /* JPLrcsTool.m */,
			);
			path = Tool;
			sourceTree = "<group>";
		};
		6F770A2D1D06B5C800B6FC56 /* DRNRealTimeBlur */ = {
			isa = PBXGroup;
			children = (
				6F770A2E1D06B5C800B6FC56 /* DRNRealTimeBlurView.h */,
				6F770A2F1D06B5C800B6FC56 /* DRNRealTimeBlurView.m */,
				6F770A301D06B5C800B6FC56 /* UIImage+BoxBlur.h */,
				6F770A311D06B5C800B6FC56 /* UIImage+BoxBlur.m */,
			);
			path = DRNRealTimeBlur;
			sourceTree = "<group>";
		};
		6F8F0A361D0D060D002BF0F7 /* Category */ = {
			isa = PBXGroup;
			children = (
				6F8F0A371D0D063B002BF0F7 /* NSString+JPTimeExtension.h */,
				6F8F0A381D0D063B002BF0F7 /* NSString+JPTimeExtension.m */,
				6F8F0A3A1D0D34E9002BF0F7 /* CALayer+PauseAimate.h */,
				6F8F0A3B1D0D34E9002BF0F7 /* CALayer+PauseAimate.m */,
			);
			path = Category;
			sourceTree = "<group>";
		};
		8016B5BBB0813C66F75192F9 /* Frameworks */ = {
			isa = PBXGroup;
			children = (
				2BEDCB4D584C96484FA7625C /* libPods.a */,
			);
			name = Frameworks;
			sourceTree = "<group>";
		};
		90C5D7DD94D421CE800B60DA /* Pods */ = {
			isa = PBXGroup;
			children = (
				C7AFC9EFBFE8D25FC7ED1EAD /* Pods.debug.xcconfig */,
				B1A6322668C538F349D3C3D2 /* Pods.release.xcconfig */,
			);
			name = Pods;
			sourceTree = "<group>";
		};
/* End PBXGroup section */

/* Begin PBXNativeTarget section */
		6F7709981D06A3C200B6FC56 /* QQ音乐 */ = {
			isa = PBXNativeTarget;
			buildConfigurationList = 6F7709C61D06A3C200B6FC56 /* Build configuration list for PBXNativeTarget "QQ音乐" */;
			buildPhases = (
				2C2150B66ECAAF893109BA85 /* Check Pods Manifest.lock */,
				6F7709951D06A3C200B6FC56 /* Sources */,
				6F7709961D06A3C200B6FC56 /* Frameworks */,
				6F7709971D06A3C200B6FC56 /* Resources */,
				E7F791745FA021CE8E84EB9D /* Embed Pods Frameworks */,
				FE3B1450CED028900B4B65D7 /* Copy Pods Resources */,
			);
			buildRules = (
			);
			dependencies = (
			);
			name = "QQ音乐";
			productName = "QQ音乐";
			productReference = 6F7709991D06A3C200B6FC56 /* QQ音乐.app */;
			productType = "com.apple.product-type.application";
		};
		6F7709B11D06A3C200B6FC56 /* QQ音乐Tests */ = {
			isa = PBXNativeTarget;
			buildConfigurationList = 6F7709C91D06A3C200B6FC56 /* Build configuration list for PBXNativeTarget "QQ音乐Tests" */;
			buildPhases = (
				6F7709AE1D06A3C200B6FC56 /* Sources */,
				6F7709AF1D06A3C200B6FC56 /* Frameworks */,
				6F7709B01D06A3C200B6FC56 /* Resources */,
			);
			buildRules = (
			);
			dependencies = (
				6F7709B41D06A3C200B6FC56 /* PBXTargetDependency */,
			);
			name = "QQ音乐Tests";
			productName = "QQ音乐Tests";
			productReference = 6F7709B21D06A3C200B6FC56 /* QQ音乐Tests.xctest */;
			productType = "com.apple.product-type.bundle.unit-test";
		};
		6F7709BC1D06A3C200B6FC56 /* QQ音乐UITests */ = {
			isa = PBXNativeTarget;
			buildConfigurationList = 6F7709CC1D06A3C200B6FC56 /* Build configuration list for PBXNativeTarget "QQ音乐UITests" */;
			buildPhases = (
				6F7709B91D06A3C200B6FC56 /* Sources */,
				6F7709BA1D06A3C200B6FC56 /* Frameworks */,
				6F7709BB1D06A3C200B6FC56 /* Resources */,
			);
			buildRules = (
			);
			dependencies = (
				6F7709BF1D06A3C200B6FC56 /* PBXTargetDependency */,
			);
			name = "QQ音乐UITests";
			productName = "QQ音乐UITests";
			productReference = 6F7709BD1D06A3C200B6FC56 /* QQ音乐UITests.xctest */;
			productType = "com.apple.product-type.bundle.ui-testing";
		};
/* End PBXNativeTarget section */

/* Begin PBXProject section */
		6F7709911D06A3C200B6FC56 /* Project object */ = {
			isa = PBXProject;
			attributes = {
				LastUpgradeCheck = 0730;
				ORGANIZATIONNAME = cb2015;
				TargetAttributes = {
					6F7709981D06A3C200B6FC56 = {
						CreatedOnToolsVersion = 7.3.1;
					};
					6F7709B11D06A3C200B6FC56 = {
						CreatedOnToolsVersion = 7.3.1;
						TestTargetID = 6F7709981D06A3C200B6FC56;
					};
					6F7709BC1D06A3C200B6FC56 = {
						CreatedOnToolsVersion = 7.3.1;
						TestTargetID = 6F7709981D06A3C200B6FC56;
					};
				};
			};
			buildConfigurationList = 6F7709941D06A3C200B6FC56 /* Build configuration list for PBXProject "QQ音乐" */;
			compatibilityVersion = "Xcode 3.2";
			developmentRegion = English;
			hasScannedForEncodings = 0;
			knownRegions = (
				en,
				Base,
			);
			mainGroup = 6F7709901D06A3C200B6FC56;
			productRefGroup = 6F77099A1D06A3C200B6FC56 /* Products */;
			projectDirPath = "";
			projectRoot = "";
			targets = (
				6F7709981D06A3C200B6FC56 /* QQ音乐 */,
				6F7709B11D06A3C200B6FC56 /* QQ音乐Tests */,
				6F7709BC1D06A3C200B6FC56 /* QQ音乐UITests */,
			);
		};
/* End PBXProject section */

/* Begin PBXResourcesBuildPhase section */
		6F7709971D06A3C200B6FC56 /* Resources */ = {
			isa = PBXResourcesBuildPhase;
			buildActionMask = 2147483647;
			files = (
				6F770A161D06A4E500B6FC56 /* 255319.lrc in Resources */,
				6F770A111D06A4E500B6FC56 /* 10736444.lrc in Resources */,
				6F770A1E1D06A4E500B6FC56 /* 12309111.mp3 in Resources */,
				6F770A0B1D06A4E500B6FC56 /* nanquan_icon@2x.jpg in Resources */,
				6F770A051D06A4E500B6FC56 /* jj_icon@2x.png in Resources */,
				6F770A1C1D06A4E500B6FC56 /* 1201111234.mp3 in Resources */,
				6F770A241D06A4E500B6FC56 /* Musics.plist in Resources */,
				6F770A1B1D06A4E500B6FC56 /* 10736444.mp3 in Resources */,
				6F770A031D06A4E500B6FC56 /* jay_icon@2x.png in Resources */,
				6F770A1F1D06A4E500B6FC56 /* 14945107.mp3 in Resources */,
				6F7709FD1D06A4E500B6FC56 /* bb_icon@2x.jpg in Resources */,
				6F770A101D06A4E500B6FC56 /* 10405520.lrc in Resources */,
				6F770A071D06A4E500B6FC56 /* kzxd_icon@2x.jpg in Resources */,
				6F770A021D06A4E500B6FC56 /* jay@2x.jpg in Resources */,
				6F7709AC1D06A3C200B6FC56 /* LaunchScreen.storyboard in Resources */,
				6F770A0F1D06A4E500B6FC56 /* zxy_icon@2x.jpg in Resources */,
				6F770A211D06A4E500B6FC56 /* 255319.mp3 in Resources */,
				6F770A0C1D06A4E500B6FC56 /* wf@2x.jpg in Resources */,
				6F7709FE1D06A4E500B6FC56 /* dzq@2x.jpg in Resources */,
				6F770A0D1D06A4E500B6FC56 /* wf_icon@2x.jpg in Resources */,
				6F770A011D06A4E500B6FC56 /* eason_icon@2x.jpg in Resources */,
				6F770A1D1D06A4E500B6FC56 /* 120125029.mp3 in Resources */,
				6F770A1A1D06A4E500B6FC56 /* 10405520.mp3 in Resources */,
				6F770A061D06A4E500B6FC56 /* kzxd@2x.jpg in Resources */,
				6F770A091D06A4E500B6FC56 /* lkq_icon@2x.jpg in Resources */,
				6F770A201D06A4E500B6FC56 /* 235319.mp3 in Resources */,
				6F770A131D06A4E500B6FC56 /* 12309111.lrc in Resources */,
				6F770A041D06A4E500B6FC56 /* jj@2x.jpg in Resources */,
				6F770A0E1D06A4E500B6FC56 /* zxy@2x.jpg in Resources */,
				6F770A001D06A4E500B6FC56 /* eason@2x.jpg in Resources */,
				6F770A081D06A4E500B6FC56 /* lkq@2x.jpg in Resources */,
				6F770A171D06A4E500B6FC56 /* 309769.lrc in Resources */,
				6F770A181D06A4E500B6FC56 /* 339744.lrc in Resources */,
				6F770A191D06A4E500B6FC56 /* 月半小夜曲.lrc in Resources */,
				6F7709FF1D06A4E500B6FC56 /* dzq_icon@2x.jpg in Resources */,
				6F770A141D06A4E500B6FC56 /* 14945107.lrc in Resources */,
				6F7709A91D06A3C200B6FC56 /* Assets.xcassets in Resources */,
				6F770A221D06A4E500B6FC56 /* 309769.mp3 in Resources */,
				6F770A121D06A4E500B6FC56 /* 120125029.lrc in Resources */,
				6F7709FC1D06A4E500B6FC56 /* bb@2x.jpg in Resources */,
				6F770A151D06A4E500B6FC56 /* 235319.lrc in Resources */,
				6F7709A71D06A3C200B6FC56 /* Main.storyboard in Resources */,
				6F770A0A1D06A4E500B6FC56 /* nanquan@2x.jpg in Resources */,
				6F770A231D06A4E500B6FC56 /* 339744.mp3 in Resources */,
			);
			runOnlyForDeploymentPostprocessing = 0;
		};
		6F7709B01D06A3C200B6FC56 /* Resources */ = {
			isa = PBXResourcesBuildPhase;
			buildActionMask = 2147483647;
			files = (
			);
			runOnlyForDeploymentPostprocessing = 0;
		};
		6F7709BB1D06A3C200B6FC56 /* Resources */ = {
			isa = PBXResourcesBuildPhase;
			buildActionMask = 2147483647;
			files = (
			);
			runOnlyForDeploymentPostprocessing = 0;
		};
/* End PBXResourcesBuildPhase section */

/* Begin PBXShellScriptBuildPhase section */
		2C2150B66ECAAF893109BA85 /* Check Pods Manifest.lock */ = {
			isa = PBXShellScriptBuildPhase;
			buildActionMask = 2147483647;
			files = (
			);
			inputPaths = (
			);
			name = "Check Pods Manifest.lock";
			outputPaths = (
			);
			runOnlyForDeploymentPostprocessing = 0;
			shellPath = /bin/sh;
			shellScript = "diff \"${PODS_ROOT}/../Podfile.lock\" \"${PODS_ROOT}/Manifest.lock\" > /dev/null\nif [[ $? != 0 ]] ; then\n    cat << EOM\nerror: The sandbox is not in sync with the Podfile.lock. Run 'pod install' or update your CocoaPods installation.\nEOM\n    exit 1\nfi\n";
			showEnvVarsInLog = 0;
		};
		E7F791745FA021CE8E84EB9D /* Embed Pods Frameworks */ = {
			isa = PBXShellScriptBuildPhase;
			buildActionMask = 2147483647;
			files = (
			);
			inputPaths = (
			);
			name = "Embed Pods Frameworks";
			outputPaths = (
			);
			runOnlyForDeploymentPostprocessing = 0;
			shellPath = /bin/sh;
			shellScript = "\"${SRCROOT}/Pods/Target Support Files/Pods/Pods-frameworks.sh\"\n";
			showEnvVarsInLog = 0;
		};
		FE3B1450CED028900B4B65D7 /* Copy Pods Resources */ = {
			isa = PBXShellScriptBuildPhase;
			buildActionMask = 2147483647;
			files = (
			);
			inputPaths = (
			);
			name = "Copy Pods Resources";
			outputPaths = (
			);
			runOnlyForDeploymentPostprocessing = 0;
			shellPath = /bin/sh;
			shellScript = "\"${SRCROOT}/Pods/Target Support Files/Pods/Pods-resources.sh\"\n";
			showEnvVarsInLog = 0;
		};
/* End PBXShellScriptBuildPhase section */

/* Begin PBXSourcesBuildPhase section */
		6F7709951D06A3C200B6FC56 /* Sources */ = {
			isa = PBXSourcesBuildPhase;
			buildActionMask = 2147483647;
			files = (
				6F8F0A391D0D063B002BF0F7 /* NSString+JPTimeExtension.m in Sources */,
				6F770A2C1D06AF0500B6FC56 /* JPPlayingViewController.m in Sources */,
				6F7709A11D06A3C200B6FC56 /* AppDelegate.m in Sources */,
				6F8F0A3C1D0D34E9002BF0F7 /* CALayer+PauseAimate.m in Sources */,
				6F77099E1D06A3C200B6FC56 /* main.m in Sources */,
				6F8F0A3F1D0D4602002BF0F7 /* JPLrcsScrollView.m in Sources */,
				6F770A331D06B5C800B6FC56 /* UIImage+BoxBlur.m in Sources */,
				6FC9B39F1D0D5F0A00418795 /* JPLrcsTool.m in Sources */,
				6F770A381D06C97C00B6FC56 /* JPMusicTool.m in Sources */,
				6FC9B3A21D0D62DC00418795 /* JPLrcLine.m in Sources */,
				6F770A3E1D06D84C00B6FC56 /* JPAudioTool.m in Sources */,
				6F770A321D06B5C800B6FC56 /* DRNRealTimeBlurView.m in Sources */,
				6F770A351D06C8AE00B6FC56 /* Foundation+Log.m in Sources */,
				6F770A3B1D06C9B200B6FC56 /* JPMusic.m in Sources */,
				6F8F0A421D0D562E002BF0F7 /* JPLrcsCell.m in Sources */,
			);
			runOnlyForDeploymentPostprocessing = 0;
		};
		6F7709AE1D06A3C200B6FC56 /* Sources */ = {
			isa = PBXSourcesBuildPhase;
			buildActionMask = 2147483647;
			files = (
				6F7709B71D06A3C200B6FC56 /* QQ__Tests.m in Sources */,
			);
			runOnlyForDeploymentPostprocessing = 0;
		};
		6F7709B91D06A3C200B6FC56 /* Sources */ = {
			isa = PBXSourcesBuildPhase;
			buildActionMask = 2147483647;
			files = (
				6F7709C21D06A3C200B6FC56 /* QQ__UITests.m in Sources */,
			);
			runOnlyForDeploymentPostprocessing = 0;
		};
/* End PBXSourcesBuildPhase section */

/* Begin PBXTargetDependency section */
		6F7709B41D06A3C200B6FC56 /* PBXTargetDependency */ = {
			isa = PBXTargetDependency;
			target = 6F7709981D06A3C200B6FC56 /* QQ音乐 */;
			targetProxy = 6F7709B31D06A3C200B6FC56 /* PBXContainerItemProxy */;
		};
		6F7709BF1D06A3C200B6FC56 /* PBXTargetDependency */ = {
			isa = PBXTargetDependency;
			target = 6F7709981D06A3C200B6FC56 /* QQ音乐 */;
			targetProxy = 6F7709BE1D06A3C200B6FC56 /* PBXContainerItemProxy */;
		};
/* End PBXTargetDependency section */

/* Begin PBXVariantGroup section */
		6F7709A51D06A3C200B6FC56 /* Main.storyboard */ = {
			isa = PBXVariantGroup;
			children = (
				6F7709A61D06A3C200B6FC56 /* Base */,
			);
			name = Main.storyboard;
			sourceTree = "<group>";
		};
		6F7709AA1D06A3C200B6FC56 /* LaunchScreen.storyboard */ = {
			isa = PBXVariantGroup;
			children = (
				6F7709AB1D06A3C200B6FC56 /* Base */,
			);
			name = LaunchScreen.storyboard;
			sourceTree = "<group>";
		};
/* End PBXVariantGroup section */

/* Begin XCBuildConfiguration section */
		6F7709C41D06A3C200B6FC56 /* Debug */ = {
			isa = XCBuildConfiguration;
			buildSettings = {
				ALWAYS_SEARCH_USER_PATHS = NO;
				CLANG_ANALYZER_NONNULL = YES;
				CLANG_CXX_LANGUAGE_STANDARD = "gnu++0x";
				CLANG_CXX_LIBRARY = "libc++";
				CLANG_ENABLE_MODULES = YES;
				CLANG_ENABLE_OBJC_ARC = YES;
				CLANG_WARN_BOOL_CONVERSION = YES;
				CLANG_WARN_CONSTANT_CONVERSION = YES;
				CLANG_WARN_DIRECT_OBJC_ISA_USAGE = YES_ERROR;
				CLANG_WARN_EMPTY_BODY = YES;
				CLANG_WARN_ENUM_CONVERSION = YES;
				CLANG_WARN_INT_CONVERSION = YES;
				CLANG_WARN_OBJC_ROOT_CLASS = YES_ERROR;
				CLANG_WARN_UNREACHABLE_CODE = YES;
				CLANG_WARN__DUPLICATE_METHOD_MATCH = YES;
				"CODE_SIGN_IDENTITY[sdk=iphoneos*]" = "iPhone Developer";
				COPY_PHASE_STRIP = NO;
				DEBUG_INFORMATION_FORMAT = dwarf;
				ENABLE_STRICT_OBJC_MSGSEND = YES;
				ENABLE_TESTABILITY = YES;
				GCC_C_LANGUAGE_STANDARD = gnu99;
				GCC_DYNAMIC_NO_PIC = NO;
				GCC_NO_COMMON_BLOCKS = YES;
				GCC_OPTIMIZATION_LEVEL = 0;
				GCC_PREPROCESSOR_DEFINITIONS = (
					"DEBUG=1",
					"$(inherited)",
				);
				GCC_WARN_64_TO_32_BIT_CONVERSION = YES;
				GCC_WARN_ABOUT_RETURN_TYPE = YES_ERROR;
				GCC_WARN_UNDECLARED_SELECTOR = YES;
				GCC_WARN_UNINITIALIZED_AUTOS = YES_AGGRESSIVE;
				GCC_WARN_UNUSED_FUNCTION = YES;
				GCC_WARN_UNUSED_VARIABLE = YES;
				IPHONEOS_DEPLOYMENT_TARGET = 9.3;
				MTL_ENABLE_DEBUG_INFO = YES;
				ONLY_ACTIVE_ARCH = YES;
				SDKROOT = iphoneos;
			};
			name = Debug;
		};
		6F7709C51D06A3C200B6FC56 /* Release */ = {
			isa = XCBuildConfiguration;
			buildSettings = {
				ALWAYS_SEARCH_USER_PATHS = NO;
				CLANG_ANALYZER_NONNULL = YES;
				CLANG_CXX_LANGUAGE_STANDARD = "gnu++0x";
				CLANG_CXX_LIBRARY = "libc++";
				CLANG_ENABLE_MODULES = YES;
				CLANG_ENABLE_OBJC_ARC = YES;
				CLANG_WARN_BOOL_CONVERSION = YES;
				CLANG_WARN_CONSTANT_CONVERSION = YES;
				CLANG_WARN_DIRECT_OBJC_ISA_USAGE = YES_ERROR;
				CLANG_WARN_EMPTY_BODY = YES;
				CLANG_WARN_ENUM_CONVERSION = YES;
				CLANG_WARN_INT_CONVERSION = YES;
				CLANG_WARN_OBJC_ROOT_CLASS = YES_ERROR;
				CLANG_WARN_UNREACHABLE_CODE = YES;
				CLANG_WARN__DUPLICATE_METHOD_MATCH = YES;
				"CODE_SIGN_IDENTITY[sdk=iphoneos*]" = "iPhone Developer";
				COPY_PHASE_STRIP = NO;
				DEBUG_INFORMATION_FORMAT = "dwarf-with-dsym";
				ENABLE_NS_ASSERTIONS = NO;
				ENABLE_STRICT_OBJC_MSGSEND = YES;
				GCC_C_LANGUAGE_STANDARD = gnu99;
				GCC_NO_COMMON_BLOCKS = YES;
				GCC_WARN_64_TO_32_BIT_CONVERSION = YES;
				GCC_WARN_ABOUT_RETURN_TYPE = YES_ERROR;
				GCC_WARN_UNDECLARED_SELECTOR = YES;
				GCC_WARN_UNINITIALIZED_AUTOS = YES_AGGRESSIVE;
				GCC_WARN_UNUSED_FUNCTION = YES;
				GCC_WARN_UNUSED_VARIABLE = YES;
				IPHONEOS_DEPLOYMENT_TARGET = 9.3;
				MTL_ENABLE_DEBUG_INFO = NO;
				SDKROOT = iphoneos;
				VALIDATE_PRODUCT = YES;
			};
			name = Release;
		};
		6F7709C71D06A3C200B6FC56 /* Debug */ = {
			isa = XCBuildConfiguration;
			baseConfigurationReference = C7AFC9EFBFE8D25FC7ED1EAD /* Pods.debug.xcconfig */;
			buildSettings = {
				ASSETCATALOG_COMPILER_APPICON_NAME = AppIcon;
				INFOPLIST_FILE = "QQ音乐/Info.plist";
				LD_RUNPATH_SEARCH_PATHS = "$(inherited) @executable_path/Frameworks";
				PRODUCT_BUNDLE_IDENTIFIER = "com.CB.QQ--";
				PRODUCT_NAME = "$(TARGET_NAME)";
			};
			name = Debug;
		};
		6F7709C81D06A3C200B6FC56 /* Release */ = {
			isa = XCBuildConfiguration;
			baseConfigurationReference = B1A6322668C538F349D3C3D2 /* Pods.release.xcconfig */;
			buildSettings = {
				ASSETCATALOG_COMPILER_APPICON_NAME = AppIcon;
				INFOPLIST_FILE = "QQ音乐/Info.plist";
				LD_RUNPATH_SEARCH_PATHS = "$(inherited) @executable_path/Frameworks";
				PRODUCT_BUNDLE_IDENTIFIER = "com.CB.QQ--";
				PRODUCT_NAME = "$(TARGET_NAME)";
			};
			name = Release;
		};
		6F7709CA1D06A3C200B6FC56 /* Debug */ = {
			isa = XCBuildConfiguration;
			buildSettings = {
				BUNDLE_LOADER = "$(TEST_HOST)";
				INFOPLIST_FILE = "QQ音乐Tests/Info.plist";
				LD_RUNPATH_SEARCH_PATHS = "$(inherited) @executable_path/Frameworks @loader_path/Frameworks";
				PRODUCT_BUNDLE_IDENTIFIER = "com.CB.QQ--Tests";
				PRODUCT_NAME = "$(TARGET_NAME)";
				TEST_HOST = "$(BUILT_PRODUCTS_DIR)/QQ音乐.app/QQ音乐";
			};
			name = Debug;
		};
		6F7709CB1D06A3C200B6FC56 /* Release */ = {
			isa = XCBuildConfiguration;
			buildSettings = {
				BUNDLE_LOADER = "$(TEST_HOST)";
				INFOPLIST_FILE = "QQ音乐Tests/Info.plist";
				LD_RUNPATH_SEARCH_PATHS = "$(inherited) @executable_path/Frameworks @loader_path/Frameworks";
				PRODUCT_BUNDLE_IDENTIFIER = "com.CB.QQ--Tests";
				PRODUCT_NAME = "$(TARGET_NAME)";
				TEST_HOST = "$(BUILT_PRODUCTS_DIR)/QQ音乐.app/QQ音乐";
			};
			name = Release;
		};
		6F7709CD1D06A3C200B6FC56 /* Debug */ = {
			isa = XCBuildConfiguration;
			buildSettings = {
				INFOPLIST_FILE = "QQ音乐UITests/Info.plist";
				LD_RUNPATH_SEARCH_PATHS = "$(inherited) @executable_path/Frameworks @loader_path/Frameworks";
				PRODUCT_BUNDLE_IDENTIFIER = "com.CB.QQ--UITests";
				PRODUCT_NAME = "$(TARGET_NAME)";
				TEST_TARGET_NAME = "QQ音乐";
			};
			name = Debug;
		};
		6F7709CE1D06A3C200B6FC56 /* Release */ = {
			isa = XCBuildConfiguration;
			buildSettings = {
				INFOPLIST_FILE = "QQ音乐UITests/Info.plist";
				LD_RUNPATH_SEARCH_PATHS = "$(inherited) @executable_path/Frameworks @loader_path/Frameworks";
				PRODUCT_BUNDLE_IDENTIFIER = "com.CB.QQ--UITests";
				PRODUCT_NAME = "$(TARGET_NAME)";
				TEST_TARGET_NAME = "QQ音乐";
			};
			name = Release;
		};
/* End XCBuildConfiguration section */

/* Begin XCConfigurationList section */
		6F7709941D06A3C200B6FC56 /* Build configuration list for PBXProject "QQ音乐" */ = {
			isa = XCConfigurationList;
			buildConfigurations = (
				6F7709C41D06A3C200B6FC56 /* Debug */,
				6F7709C51D06A3C200B6FC56 /* Release */,
			);
			defaultConfigurationIsVisible = 0;
			defaultConfigurationName = Release;
		};
		6F7709C61D06A3C200B6FC56 /* Build configuration list for PBXNativeTarget "QQ音乐" */ = {
			isa = XCConfigurationList;
			buildConfigurations = (
				6F7709C71D06A3C200B6FC56 /* Debug */,
				6F7709C81D06A3C200B6FC56 /* Release */,
			);
			defaultConfigurationIsVisible = 0;
			defaultConfigurationName = Release;
		};
		6F7709C91D06A3C200B6FC56 /* Build configuration list for PBXNativeTarget "QQ音乐Tests" */ = {
			isa = XCConfigurationList;
			buildConfigurations = (
				6F7709CA1D06A3C200B6FC56 /* Debug */,
				6F7709CB1D06A3C200B6FC56 /* Release */,
			);
			defaultConfigurationIsVisible = 0;
			defaultConfigurationName = Release;
		};
		6F7709CC1D06A3C200B6FC56 /* Build configuration list for PBXNativeTarget "QQ音乐UITests" */ = {
			isa = XCConfigurationList;
			buildConfigurations = (
				6F7709CD1D06A3C200B6FC56 /* Debug */,
				6F7709CE1D06A3C200B6FC56 /* Release */,
			);
			defaultConfigurationIsVisible = 0;
			defaultConfigurationName = Release;
		};
/* End XCConfigurationList section */
	};
	rootObject = 6F7709911D06A3C200B6FC56 /* Project object */;
}
